{
    "_readme": [
        "This file locks the dependencies of your project to a known state",
        "Read more about it at http://getcomposer.org/doc/01-basic-usage.md#composer-lock-the-lock-file",
        "This file is @generated automatically"
    ],
    "hash": "0fa4a485b3fe20662ed26e07f8bbcd22",
    "packages": [
        {
            "name": "gmo/common",
            "version": "v1.22.0",
            "source": {
                "type": "git",
                "url": "git@bitbucket.org:gmodev/common-library.git",
                "reference": "cca47abbc2aa4414f34bab118a2ae86dffed83ba"
            },
            "dist": {
                "type": "zip",
                "url": "http://composer.gmodev.com/dist/gmo-common-v1.22.0-e88c40.zip",
                "reference": "cca47abbc2aa4414f34bab118a2ae86dffed83ba",
                "shasum": "1de158a83f119fa6bc46d7eb0984d88c345ad9a3"
            },
            "require-dev": {
                "monolog/monolog": "~1.6",
                "phpunit/phpunit": "3.7.*",
                "psr/log": "1.0.0"
            },
            "suggest": {
                "monolog/monolog": "Provides serializable formatter",
                "psr/log": "Provides a basic console logger for PSR-3 interface"
            },
            "type": "library",
            "autoload": {
                "psr-4": {
                    "GMO\\Common\\": "src/",
                    "GMO\\TestHelper\\": "TestHelper/"
                }
            },
            "autoload-dev": {
                "psr-4": {
                    "": "tests/"
                }
            },
            "description": "A library for common code",
            "time": "2014-10-21 17:02:29"
        },
        {
            "name": "gmo/dependency-injection",
            "version": "v1.0.0",
            "source": {
                "type": "git",
                "url": "git@bitbucket.org:gmodev/dependency-injection-library.git",
                "reference": "2aaefcecc17045b249c24ff9e8d94b016bc704b2"
            },
            "require": {
                "pimple/pimple": "~1.0"
            },
            "require-dev": {
                "silex/silex": "~1.1"
            },
            "suggest": {
                "silex/silex": "Provides wrapper for Silex Application to handle ServiceProviderInterface"
            },
            "type": "library",
            "autoload": {
                "psr-4": {
                    "GMO\\DependencyInjection\\": "src/"
                }
            },
            "description": "A library that allows you to standardize and centralize the way objects are constructed",
            "time": "2014-07-02 19:52:15"
        },
        {
            "name": "pimple/pimple",
            "version": "v1.1.1",
            "source": {
                "type": "git",
                "url": "https://github.com/fabpot/Pimple.git",
                "reference": "2019c145fe393923f3441b23f29bbdfaa5c58c4d"
            },
            "dist": {
                "type": "zip",
                "url": "https://api.github.com/repos/fabpot/Pimple/zipball/2019c145fe393923f3441b23f29bbdfaa5c58c4d",
                "reference": "2019c145fe393923f3441b23f29bbdfaa5c58c4d",
                "shasum": ""
            },
            "require": {
                "php": ">=5.3.0"
            },
            "type": "library",
            "extra": {
                "branch-alias": {
                    "dev-master": "1.1.x-dev"
                }
            },
            "autoload": {
                "psr-0": {
                    "Pimple": "lib/"
                }
            },
            "notification-url": "https://packagist.org/downloads/",
            "license": [
                "MIT"
            ],
            "authors": [
                {
                    "name": "Fabien Potencier",
                    "email": "fabien@symfony.com",
                    "homepage": "http://fabien.potencier.org",
                    "role": "Lead Developer"
                }
            ],
            "description": "Pimple is a simple Dependency Injection Container for PHP 5.3",
            "homepage": "http://pimple.sensiolabs.org",
            "keywords": [
                "container",
                "dependency injection"
            ],
            "time": "2013-11-22 08:30:29"
        },
        {
            "name": "symfony/console",
            "version": "v2.5.5",
            "target-dir": "Symfony/Component/Console",
            "source": {
                "type": "git",
                "url": "https://github.com/symfony/Console.git",
                "reference": "ca053eaa031c93afb68a71e4eb1f4168dfd4a661"
            },
            "dist": {
                "type": "zip",
                "url": "https://api.github.com/repos/symfony/Console/zipball/ca053eaa031c93afb68a71e4eb1f4168dfd4a661",
                "reference": "ca053eaa031c93afb68a71e4eb1f4168dfd4a661",
                "shasum": ""
            },
            "require": {
                "php": ">=5.3.3"
            },
            "require-dev": {
                "psr/log": "~1.0",
                "symfony/event-dispatcher": "~2.1"
            },
            "suggest": {
                "psr/log": "For using the console logger",
                "symfony/event-dispatcher": ""
            },
            "type": "library",
            "extra": {
                "branch-alias": {
                    "dev-master": "2.5-dev"
                }
            },
            "autoload": {
                "psr-0": {
                    "Symfony\\Component\\Console\\": ""
                }
            },
            "notification-url": "https://packagist.org/downloads/",
            "license": [
                "MIT"
            ],
            "authors": [
                {
                    "name": "Symfony Community",
                    "homepage": "http://symfony.com/contributors"
                },
                {
                    "name": "Fabien Potencier",
                    "email": "fabien@symfony.com"
                }
            ],
            "description": "Symfony Console Component",
            "homepage": "http://symfony.com",
            "time": "2014-09-25 09:53:56"
        }
    ],
    "packages-dev": [],
    "aliases": [],
    "minimum-stability": "stable",
    "stability-flags": [],
    "prefer-stable": false,
    "platform": [],
    "platform-dev": []
}
